// !$*UTF8*$!
{
	archiveVersion = 1;
	classes = {
	};
	objectVersion = 56;
	objects = {

/* Begin PBXBuildFile section */
		02A87E5C2D0A64F90079E00C /* ResultViewController.swift in Sources */ = {isa = PBXBuildFile; fileRef = 02A87E5B2D0A64F90079E00C /* ResultViewController.swift */; };
		02A87E622D0AB3E70079E00C /* ExplaneViewController.swift in Sources */ = {isa = PBXBuildFile; fileRef = 02A87E612D0AB3E70079E00C /* ExplaneViewController.swift */; };
		02ACC5512D09E35D0013C428 /* AppDelegate.swift in Sources */ = {isa = PBXBuildFile; fileRef = 02ACC5502D09E35D0013C428 /* AppDelegate.swift */; };
		02ACC5532D09E35D0013C428 /* SceneDelegate.swift in Sources */ = {isa = PBXBuildFile; fileRef = 02ACC5522D09E35D0013C428 /* SceneDelegate.swift */; };
		02ACC5552D09E35D0013C428 /* ViewController.swift in Sources */ = {isa = PBXBuildFile; fileRef = 02ACC5542D09E35D0013C428 /* ViewController.swift */; };
		02ACC5582D09E35D0013C428 /* Base in Resources */ = {isa = PBXBuildFile; fileRef = 02ACC5572D09E35D0013C428 /* Base */; };
		02ACC55A2D09E35F0013C428 /* Assets.xcassets in Resources */ = {isa = PBXBuildFile; fileRef = 02ACC5592D09E35F0013C428 /* Assets.xcassets */; };
		02ACC55D2D09E35F0013C428 /* Base in Resources */ = {isa = PBXBuildFile; fileRef = 02ACC55C2D09E35F0013C428 /* Base */; };
		02ACC5682D09E35F0013C428 /* SampleAppTests.swift in Sources */ = {isa = PBXBuildFile; fileRef = 02ACC5672D09E35F0013C428 /* SampleAppTests.swift */; };
		02ACC5722D09E35F0013C428 /* SampleAppUITests.swift in Sources */ = {isa = PBXBuildFile; fileRef = 02ACC5712D09E35F0013C428 /* SampleAppUITests.swift */; };
		02ACC5742D09E35F0013C428 /* SampleAppUITestsLaunchTests.swift in Sources */ = {isa = PBXBuildFile; fileRef = 02ACC5732D09E35F0013C428 /* SampleAppUITestsLaunchTests.swift */; };
		64EE7B292D0D49EF005C4665 /* Topscene.sks in Resources */ = {isa = PBXBuildFile; fileRef = 64EE7B282D0D49EF005C4665 /* Topscene.sks */; };
		64EE7B2B2D0D4C99005C4665 /* player.swift in Sources */ = {isa = PBXBuildFile; fileRef = 64EE7B2A2D0D4C8B005C4665 /* player.swift */; };
		64EE7B2D2D0D4F54005C4665 /* Myscene.swift in Sources */ = {isa = PBXBuildFile; fileRef = 64EE7B2C2D0D4F4D005C4665 /* Myscene.swift */; };
		64EE7B2F2D0D56B3005C4665 /* .xcassets in Resources */ = {isa = PBXBuildFile; fileRef = 64EE7B2E2D0D56B3005C4665 /* .xcassets */; };
/* End PBXBuildFile section */

/* Begin PBXContainerItemProxy section */
		02ACC5642D09E35F0013C428 /* PBXContainerItemProxy */ = {
			isa = PBXContainerItemProxy;
			containerPortal = 02ACC5452D09E35D0013C428 /* Project object */;
			proxyType = 1;
			remoteGlobalIDString = 02ACC54C2D09E35D0013C428;
			remoteInfo = SampleApp;
		};
		02ACC56E2D09E35F0013C428 /* PBXContainerItemProxy */ = {
			isa = PBXContainerItemProxy;
			containerPortal = 02ACC5452D09E35D0013C428 /* Project object */;
			proxyType = 1;
			remoteGlobalIDString = 02ACC54C2D09E35D0013C428;
			remoteInfo = SampleApp;
		};
/* End PBXContainerItemProxy section */

/* Begin PBXFileReference section */
		02A87E5B2D0A64F90079E00C /* ResultViewController.swift */ = {isa = PBXFileReference; lastKnownFileType = sourcecode.swift; path = ResultViewController.swift; sourceTree = "<group>"; };
		02A87E612D0AB3E70079E00C /* ExplaneViewController.swift */ = {isa = PBXFileReference; lastKnownFileType = sourcecode.swift; path = ExplaneViewController.swift; sourceTree = "<group>"; };
		02ACC54D2D09E35D0013C428 /* SampleApp.app */ = {isa = PBXFileReference; explicitFileType = wrapper.application; includeInIndex = 0; path = SampleApp.app; sourceTree = BUILT_PRODUCTS_DIR; };
		02ACC5502D09E35D0013C428 /* AppDelegate.swift */ = {isa = PBXFileReference; lastKnownFileType = sourcecode.swift; path = AppDelegate.swift; sourceTree = "<group>"; };
		02ACC5522D09E35D0013C428 /* SceneDelegate.swift */ = {isa = PBXFileReference; lastKnownFileType = sourcecode.swift; path = SceneDelegate.swift; sourceTree = "<group>"; };
		02ACC5542D09E35D0013C428 /* ViewController.swift */ = {isa = PBXFileReference; lastKnownFileType = sourcecode.swift; path = ViewController.swift; sourceTree = "<group>"; };
		02ACC5572D09E35D0013C428 /* Base */ = {isa = PBXFileReference; lastKnownFileType = file.storyboard; name = Base; path = Base.lproj/Main.storyboard; sourceTree = "<group>"; };
		02ACC5592D09E35F0013C428 /* Assets.xcassets */ = {isa = PBXFileReference; lastKnownFileType = folder.assetcatalog; path = Assets.xcassets; sourceTree = "<group>"; };
		02ACC55C2D09E35F0013C428 /* Base */ = {isa = PBXFileReference; lastKnownFileType = file.storyboard; name = Base; path = Base.lproj/LaunchScreen.storyboard; sourceTree = "<group>"; };
		02ACC55E2D09E35F0013C428 /* Info.plist */ = {isa = PBXFileReference; lastKnownFileType = text.plist.xml; path = Info.plist; sourceTree = "<group>"; };
		02ACC5632D09E35F0013C428 /* SampleAppTests.xctest */ = {isa = PBXFileReference; explicitFileType = wrapper.cfbundle; includeInIndex = 0; path = SampleAppTests.xctest; sourceTree = BUILT_PRODUCTS_DIR; };
		02ACC5672D09E35F0013C428 /* SampleAppTests.swift */ = {isa = PBXFileReference; lastKnownFileType = sourcecode.swift; path = SampleAppTests.swift; sourceTree = "<group>"; };
		02ACC56D2D09E35F0013C428 /* SampleAppUITests.xctest */ = {isa = PBXFileReference; explicitFileType = wrapper.cfbundle; includeInIndex = 0; path = SampleAppUITests.xctest; sourceTree = BUILT_PRODUCTS_DIR; };
		02ACC5712D09E35F0013C428 /* SampleAppUITests.swift */ = {isa = PBXFileReference; lastKnownFileType = sourcecode.swift; path = SampleAppUITests.swift; sourceTree = "<group>"; };
		02ACC5732D09E35F0013C428 /* SampleAppUITestsLaunchTests.swift */ = {isa = PBXFileReference; lastKnownFileType = sourcecode.swift; path = SampleAppUITestsLaunchTests.swift; sourceTree = "<group>"; };
		64EE7B282D0D49EF005C4665 /* Topscene.sks */ = {isa = PBXFileReference; lastKnownFileType = file.sks; path = Topscene.sks; sourceTree = "<group>"; };
		64EE7B2A2D0D4C8B005C4665 /* player.swift */ = {isa = PBXFileReference; lastKnownFileType = sourcecode.swift; path = player.swift; sourceTree = "<group>"; };
		64EE7B2C2D0D4F4D005C4665 /* Myscene.swift */ = {isa = PBXFileReference; lastKnownFileType = sourcecode.swift; path = Myscene.swift; sourceTree = "<group>"; };
		64EE7B2E2D0D56B3005C4665 /* .xcassets */ = {isa = PBXFileReference; lastKnownFileType = folder; path = .xcassets; sourceTree = "<group>"; };
/* End PBXFileReference section */

/* Begin PBXFrameworksBuildPhase section */
		02ACC54A2D09E35D0013C428 /* Frameworks */ = {
			isa = PBXFrameworksBuildPhase;
			buildActionMask = 2147483647;
			files = (
			);
			runOnlyForDeploymentPostprocessing = 0;
		};
		02ACC5602D09E35F0013C428 /* Frameworks */ = {
			isa = PBXFrameworksBuildPhase;
			buildActionMask = 2147483647;
			files = (
			);
			runOnlyForDeploymentPostprocessing = 0;
		};
		02ACC56A2D09E35F0013C428 /* Frameworks */ = {
			isa = PBXFrameworksBuildPhase;
			buildActionMask = 2147483647;
			files = (
			);
			runOnlyForDeploymentPostprocessing = 0;
		};
/* End PBXFrameworksBuildPhase section */

/* Begin PBXGroup section */
		02ACC5442D09E35D0013C428 = {
			isa = PBXGroup;
			children = (
				02A87E612D0AB3E70079E00C /* ExplaneViewController.swift */,
				02A87E5B2D0A64F90079E00C /* ResultViewController.swift */,
				02ACC54F2D09E35D0013C428 /* SampleApp */,
				02ACC5662D09E35F0013C428 /* SampleAppTests */,
				02ACC5702D09E35F0013C428 /* SampleAppUITests */,
				02ACC54E2D09E35D0013C428 /* Products */,
			);
			sourceTree = "<group>";
		};
		02ACC54E2D09E35D0013C428 /* Products */ = {
			isa = PBXGroup;
			children = (
				02ACC54D2D09E35D0013C428 /* SampleApp.app */,
				02ACC5632D09E35F0013C428 /* SampleAppTests.xctest */,
				02ACC56D2D09E35F0013C428 /* SampleAppUITests.xctest */,
			);
			name = Products;
			sourceTree = "<group>";
		};
		02ACC54F2D09E35D0013C428 /* SampleApp */ = {
			isa = PBXGroup;
			children = (
				64EE7B2C2D0D4F4D005C4665 /* Myscene.swift */,
				64EE7B2A2D0D4C8B005C4665 /* player.swift */,
				02ACC5502D09E35D0013C428 /* AppDelegate.swift */,
				02ACC5562D09E35D0013C428 /* Main.storyboard */,
				64EE7B282D0D49EF005C4665 /* Topscene.sks */,
				02ACC5522D09E35D0013C428 /* SceneDelegate.swift */,
				02ACC5542D09E35D0013C428 /* ViewController.swift */,
				02ACC5592D09E35F0013C428 /* Assets.xcassets */,
				64EE7B2E2D0D56B3005C4665 /* .xcassets */,
				02ACC55B2D09E35F0013C428 /* LaunchScreen.storyboard */,
				02ACC55E2D09E35F0013C428 /* Info.plist */,
			);
			path = SampleApp;
			sourceTree = "<group>";
		};
		02ACC5662D09E35F0013C428 /* SampleAppTests */ = {
			isa = PBXGroup;
			children = (
				02ACC5672D09E35F0013C428 /* SampleAppTests.swift */,
			);
			path = SampleAppTests;
			sourceTree = "<group>";
		};
		02ACC5702D09E35F0013C428 /* SampleAppUITests */ = {
			isa = PBXGroup;
			children = (
				02ACC5712D09E35F0013C428 /* SampleAppUITests.swift */,
				02ACC5732D09E35F0013C428 /* SampleAppUITestsLaunchTests.swift */,
			);
			path = SampleAppUITests;
			sourceTree = "<group>";
		};
/* End PBXGroup section */

/* Begin PBXNativeTarget section */
		02ACC54C2D09E35D0013C428 /* SampleApp */ = {
			isa = PBXNativeTarget;
			buildConfigurationList = 02ACC5772D09E35F0013C428 /* Build configuration list for PBXNativeTarget "SampleApp" */;
			buildPhases = (
				02ACC5492D09E35D0013C428 /* Sources */,
				02ACC54A2D09E35D0013C428 /* Frameworks */,
				02ACC54B2D09E35D0013C428 /* Resources */,
			);
			buildRules = (
			);
			dependencies = (
			);
			name = SampleApp;
			productName = SampleApp;
			productReference = 02ACC54D2D09E35D0013C428 /* SampleApp.app */;
			productType = "com.apple.product-type.application";
		};
		02ACC5622D09E35F0013C428 /* SampleAppTests */ = {
			isa = PBXNativeTarget;
			buildConfigurationList = 02ACC57A2D09E35F0013C428 /* Build configuration list for PBXNativeTarget "SampleAppTests" */;
			buildPhases = (
				02ACC55F2D09E35F0013C428 /* Sources */,
				02ACC5602D09E35F0013C428 /* Frameworks */,
				02ACC5612D09E35F0013C428 /* Resources */,
			);
			buildRules = (
			);
			dependencies = (
				02ACC5652D09E35F0013C428 /* PBXTargetDependency */,
			);
			name = SampleAppTests;
			productName = SampleAppTests;
			productReference = 02ACC5632D09E35F0013C428 /* SampleAppTests.xctest */;
			productType = "com.apple.product-type.bundle.unit-test";
		};
		02ACC56C2D09E35F0013C428 /* SampleAppUITests */ = {
			isa = PBXNativeTarget;
			buildConfigurationList = 02ACC57D2D09E35F0013C428 /* Build configuration list for PBXNativeTarget "SampleAppUITests" */;
			buildPhases = (
				02ACC5692D09E35F0013C428 /* Sources */,
				02ACC56A2D09E35F0013C428 /* Frameworks */,
				02ACC56B2D09E35F0013C428 /* Resources */,
			);
			buildRules = (
			);
			dependencies = (
				02ACC56F2D09E35F0013C428 /* PBXTargetDependency */,
			);
			name = SampleAppUITests;
			productName = SampleAppUITests;
			productReference = 02ACC56D2D09E35F0013C428 /* SampleAppUITests.xctest */;
			productType = "com.apple.product-type.bundle.ui-testing";
		};
/* End PBXNativeTarget section */

/* Begin PBXProject section */
		02ACC5452D09E35D0013C428 /* Project object */ = {
			isa = PBXProject;
			attributes = {
				BuildIndependentTargetsInParallel = 1;
				LastSwiftUpdateCheck = 1540;
				LastUpgradeCheck = 1620;
				TargetAttributes = {
					02ACC54C2D09E35D0013C428 = {
						CreatedOnToolsVersion = 15.4;
					};
					02ACC5622D09E35F0013C428 = {
						CreatedOnToolsVersion = 15.4;
						TestTargetID = 02ACC54C2D09E35D0013C428;
					};
					02ACC56C2D09E35F0013C428 = {
						CreatedOnToolsVersion = 15.4;
						TestTargetID = 02ACC54C2D09E35D0013C428;
					};
				};
			};
			buildConfigurationList = 02ACC5482D09E35D0013C428 /* Build configuration list for PBXProject "SampleApp" */;
			compatibilityVersion = "Xcode 14.0";
			developmentRegion = en;
			hasScannedForEncodings = 0;
			knownRegions = (
				en,
				Base,
			);
			mainGroup = 02ACC5442D09E35D0013C428;
			productRefGroup = 02ACC54E2D09E35D0013C428 /* Products */;
			projectDirPath = "";
			projectRoot = "";
			targets = (
				02ACC54C2D09E35D0013C428 /* SampleApp */,
				02ACC5622D09E35F0013C428 /* SampleAppTests */,
				02ACC56C2D09E35F0013C428 /* SampleAppUITests */,
			);
		};
/* End PBXProject section */

/* Begin PBXResourcesBuildPhase section */
		02ACC54B2D09E35D0013C428 /* Resources */ = {
			isa = PBXResourcesBuildPhase;
			buildActionMask = 2147483647;
			files = (
				64EE7B292D0D49EF005C4665 /* Topscene.sks in Resources */,
				02ACC55A2D09E35F0013C428 /* Assets.xcassets in Resources */,
				64EE7B2F2D0D56B3005C4665 /* .xcassets in Resources */,
				02ACC55D2D09E35F0013C428 /* Base in Resources */,
				02ACC5582D09E35D0013C428 /* Base in Resources */,
			);
			runOnlyForDeploymentPostprocessing = 0;
		};
		02ACC5612D09E35F0013C428 /* Resources */ = {
			isa = PBXResourcesBuildPhase;
			buildActionMask = 2147483647;
			files = (
			);
			runOnlyForDeploymentPostprocessing = 0;
		};
		02ACC56B2D09E35F0013C428 /* Resources */ = {
			isa = PBXResourcesBuildPhase;
			buildActionMask = 2147483647;
			files = (
			);
			runOnlyForDeploymentPostprocessing = 0;
		};
/* End PBXResourcesBuildPhase section */

/* Begin PBXSourcesBuildPhase section */
		02ACC5492D09E35D0013C428 /* Sources */ = {
			isa = PBXSourcesBuildPhase;
			buildActionMask = 2147483647;
			files = (
				02A87E5C2D0A64F90079E00C /* ResultViewController.swift in Sources */,
				02ACC5552D09E35D0013C428 /* ViewController.swift in Sources */,
				64EE7B2B2D0D4C99005C4665 /* player.swift in Sources */,
				02ACC5512D09E35D0013C428 /* AppDelegate.swift in Sources */,
				02ACC5532D09E35D0013C428 /* SceneDelegate.swift in Sources */,
				02A87E622D0AB3E70079E00C /* ExplaneViewController.swift in Sources */,
				64EE7B2D2D0D4F54005C4665 /* Myscene.swift in Sources */,
			);
			runOnlyForDeploymentPostprocessing = 0;
		};
		02ACC55F2D09E35F0013C428 /* Sources */ = {
			isa = PBXSourcesBuildPhase;
			buildActionMask = 2147483647;
			files = (
				02ACC5682D09E35F0013C428 /* SampleAppTests.swift in Sources */,
			);
			runOnlyForDeploymentPostprocessing = 0;
		};
		02ACC5692D09E35F0013C428 /* Sources */ = {
			isa = PBXSourcesBuildPhase;
			buildActionMask = 2147483647;
			files = (
				02ACC5742D09E35F0013C428 /* SampleAppUITestsLaunchTests.swift in Sources */,
				02ACC5722D09E35F0013C428 /* SampleAppUITests.swift in Sources */,
			);
			runOnlyForDeploymentPostprocessing = 0;
		};
/* End PBXSourcesBuildPhase section */

/* Begin PBXTargetDependency section */
		02ACC5652D09E35F0013C428 /* PBXTargetDependency */ = {
			isa = PBXTargetDependency;
			target = 02ACC54C2D09E35D0013C428 /* SampleApp */;
			targetProxy = 02ACC5642D09E35F0013C428 /* PBXContainerItemProxy */;
		};
		02ACC56F2D09E35F0013C428 /* PBXTargetDependency */ = {
			isa = PBXTargetDependency;
			target = 02ACC54C2D09E35D0013C428 /* SampleApp */;
			targetProxy = 02ACC56E2D09E35F0013C428 /* PBXContainerItemProxy */;
		};
/* End PBXTargetDependency section */

/* Begin PBXVariantGroup section */
		02ACC5562D09E35D0013C428 /* Main.storyboard */ = {
			isa = PBXVariantGroup;
			children = (
				02ACC5572D09E35D0013C428 /* Base */,
			);
			name = Main.storyboard;
			sourceTree = "<group>";
		};
		02ACC55B2D09E35F0013C428 /* LaunchScreen.storyboard */ = {
			isa = PBXVariantGroup;
			children = (
				02ACC55C2D09E35F0013C428 /* Base */,
			);
			name = LaunchScreen.storyboard;
			sourceTree = "<group>";
		};
/* End PBXVariantGroup section */

/* Begin XCBuildConfiguration section */
		02ACC5752D09E35F0013C428 /* Debug */ = {
			isa = XCBuildConfiguration;
			buildSettings = {
				ALWAYS_SEARCH_USER_PATHS = NO;
				ASSETCATALOG_COMPILER_GENERATE_SWIFT_ASSET_SYMBOL_EXTENSIONS = YES;
				CLANG_ANALYZER_NONNULL = YES;
				CLANG_ANALYZER_NUMBER_OBJECT_CONVERSION = YES_AGGRESSIVE;
				CLANG_CXX_LANGUAGE_STANDARD = "gnu++20";
				CLANG_ENABLE_MODULES = YES;
				CLANG_ENABLE_OBJC_ARC = YES;
				CLANG_ENABLE_OBJC_WEAK = YES;
				CLANG_WARN_BLOCK_CAPTURE_AUTORELEASING = YES;
				CLANG_WARN_BOOL_CONVERSION = YES;
				CLANG_WARN_COMMA = YES;
				CLANG_WARN_CONSTANT_CONVERSION = YES;
				CLANG_WARN_DEPRECATED_OBJC_IMPLEMENTATIONS = YES;
				CLANG_WARN_DIRECT_OBJC_ISA_USAGE = YES_ERROR;
				CLANG_WARN_DOCUMENTATION_COMMENTS = YES;
				CLANG_WARN_EMPTY_BODY = YES;
				CLANG_WARN_ENUM_CONVERSION = YES;
				CLANG_WARN_INFINITE_RECURSION = YES;
				CLANG_WARN_INT_CONVERSION = YES;
				CLANG_WARN_NON_LITERAL_NULL_CONVERSION = YES;
				CLANG_WARN_OBJC_IMPLICIT_RETAIN_SELF = YES;
				CLANG_WARN_OBJC_LITERAL_CONVERSION = YES;
				CLANG_WARN_OBJC_ROOT_CLASS = YES_ERROR;
				CLANG_WARN_QUOTED_INCLUDE_IN_FRAMEWORK_HEADER = YES;
				CLANG_WARN_RANGE_LOOP_ANALYSIS = YES;
				CLANG_WARN_STRICT_PROTOTYPES = YES;
				CLANG_WARN_SUSPICIOUS_MOVE = YES;
				CLANG_WARN_UNGUARDED_AVAILABILITY = YES_AGGRESSIVE;
				CLANG_WARN_UNREACHABLE_CODE = YES;
				CLANG_WARN__DUPLICATE_METHOD_MATCH = YES;
				COPY_PHASE_STRIP = NO;
				DEBUG_INFORMATION_FORMAT = dwarf;
				ENABLE_STRICT_OBJC_MSGSEND = YES;
				ENABLE_TESTABILITY = YES;
				ENABLE_USER_SCRIPT_SANDBOXING = YES;
				GCC_C_LANGUAGE_STANDARD = gnu17;
				GCC_DYNAMIC_NO_PIC = NO;
				GCC_NO_COMMON_BLOCKS = YES;
				GCC_OPTIMIZATION_LEVEL = 0;
				GCC_PREPROCESSOR_DEFINITIONS = (
					"DEBUG=1",
					"$(inherited)",
				);
				GCC_WARN_64_TO_32_BIT_CONVERSION = YES;
				GCC_WARN_ABOUT_RETURN_TYPE = YES_ERROR;
				GCC_WARN_UNDECLARED_SELECTOR = YES;
				GCC_WARN_UNINITIALIZED_AUTOS = YES_AGGRESSIVE;
				GCC_WARN_UNUSED_FUNCTION = YES;
				GCC_WARN_UNUSED_VARIABLE = YES;
				IPHONEOS_DEPLOYMENT_TARGET = 17.5;
				LOCALIZATION_PREFERS_STRING_CATALOGS = YES;
				MTL_ENABLE_DEBUG_INFO = INCLUDE_SOURCE;
				MTL_FAST_MATH = YES;
				ONLY_ACTIVE_ARCH = YES;
				SDKROOT = iphoneos;
				SWIFT_ACTIVE_COMPILATION_CONDITIONS = "DEBUG $(inherited)";
				SWIFT_OPTIMIZATION_LEVEL = "-Onone";
			};
			name = Debug;
		};
		02ACC5762D09E35F0013C428 /* Release */ = {
			isa = XCBuildConfiguration;
			buildSettings = {
				ALWAYS_SEARCH_USER_PATHS = NO;
				ASSETCATALOG_COMPILER_GENERATE_SWIFT_ASSET_SYMBOL_EXTENSIONS = YES;
				CLANG_ANALYZER_NONNULL = YES;
				CLANG_ANALYZER_NUMBER_OBJECT_CONVERSION = YES_AGGRESSIVE;
				CLANG_CXX_LANGUAGE_STANDARD = "gnu++20";
				CLANG_ENABLE_MODULES = YES;
				CLANG_ENABLE_OBJC_ARC = YES;
				CLANG_ENABLE_OBJC_WEAK = YES;
				CLANG_WARN_BLOCK_CAPTURE_AUTORELEASING = YES;
				CLANG_WARN_BOOL_CONVERSION = YES;
				CLANG_WARN_COMMA = YES;
				CLANG_WARN_CONSTANT_CONVERSION = YES;
				CLANG_WARN_DEPRECATED_OBJC_IMPLEMENTATIONS = YES;
				CLANG_WARN_DIRECT_OBJC_ISA_USAGE = YES_ERROR;
				CLANG_WARN_DOCUMENTATION_COMMENTS = YES;
				CLANG_WARN_EMPTY_BODY = YES;
				CLANG_WARN_ENUM_CONVERSION = YES;
				CLANG_WARN_INFINITE_RECURSION = YES;
				CLANG_WARN_INT_CONVERSION = YES;
				CLANG_WARN_NON_LITERAL_NULL_CONVERSION = YES;
				CLANG_WARN_OBJC_IMPLICIT_RETAIN_SELF = YES;
				CLANG_WARN_OBJC_LITERAL_CONVERSION = YES;
				CLANG_WARN_OBJC_ROOT_CLASS = YES_ERROR;
				CLANG_WARN_QUOTED_INCLUDE_IN_FRAMEWORK_HEADER = YES;
				CLANG_WARN_RANGE_LOOP_ANALYSIS = YES;
				CLANG_WARN_STRICT_PROTOTYPES = YES;
				CLANG_WARN_SUSPICIOUS_MOVE = YES;
				CLANG_WARN_UNGUARDED_AVAILABILITY = YES_AGGRESSIVE;
				CLANG_WARN_UNREACHABLE_CODE = YES;
				CLANG_WARN__DUPLICATE_METHOD_MATCH = YES;
				COPY_PHASE_STRIP = NO;
				DEBUG_INFORMATION_FORMAT = "dwarf-with-dsym";
				ENABLE_NS_ASSERTIONS = NO;
				ENABLE_STRICT_OBJC_MSGSEND = YES;
				ENABLE_USER_SCRIPT_SANDBOXING = YES;
				GCC_C_LANGUAGE_STANDARD = gnu17;
				GCC_NO_COMMON_BLOCKS = YES;
				GCC_WARN_64_TO_32_BIT_CONVERSION = YES;
				GCC_WARN_ABOUT_RETURN_TYPE = YES_ERROR;
				GCC_WARN_UNDECLARED_SELECTOR = YES;
				GCC_WARN_UNINITIALIZED_AUTOS = YES_AGGRESSIVE;
				GCC_WARN_UNUSED_FUNCTION = YES;
				GCC_WARN_UNUSED_VARIABLE = YES;
				IPHONEOS_DEPLOYMENT_TARGET = 17.5;
				LOCALIZATION_PREFERS_STRING_CATALOGS = YES;
				MTL_ENABLE_DEBUG_INFO = NO;
				MTL_FAST_MATH = YES;
				SDKROOT = iphoneos;
				SWIFT_COMPILATION_MODE = wholemodule;
				VALIDATE_PRODUCT = YES;
			};
			name = Release;
		};
		02ACC5782D09E35F0013C428 /* Debug */ = {
			isa = XCBuildConfiguration;
			buildSettings = {
				ASSETCATALOG_COMPILER_APPICON_NAME = AppIcon;
				ASSETCATALOG_COMPILER_GLOBAL_ACCENT_COLOR_NAME = AccentColor;
				CODE_SIGN_STYLE = Automatic;
				CURRENT_PROJECT_VERSION = 1;
				DEVELOPMENT_TEAM = 74768K7M65;
				GENERATE_INFOPLIST_FILE = YES;
				INFOPLIST_FILE = SampleApp/Info.plist;
				INFOPLIST_KEY_UIApplicationSupportsIndirectInputEvents = YES;
				INFOPLIST_KEY_UILaunchStoryboardName = LaunchScreen;
				INFOPLIST_KEY_UIMainStoryboardFile = Main;
				INFOPLIST_KEY_UISupportedInterfaceOrientations = "UIInterfaceOrientationLandscapeLeft UIInterfaceOrientationLandscapeRight";
				INFOPLIST_KEY_UISupportedInterfaceOrientations_iPad = "UIInterfaceOrientationLandscapeLeft UIInterfaceOrientationLandscapeRight UIInterfaceOrientationPortrait UIInterfaceOrientationPortraitUpsideDown";
				LD_RUNPATH_SEARCH_PATHS = (
					"$(inherited)",
					"@executable_path/Frameworks",
				);
				MARKETING_VERSION = 1.0;
				PRODUCT_BUNDLE_IDENTIFIER = jp.co.istyle.SampleApp;
				PRODUCT_NAME = "$(TARGET_NAME)";
				SWIFT_EMIT_LOC_STRINGS = YES;
				SWIFT_VERSION = 5.0;
				TARGETED_DEVICE_FAMILY = "1,2";
			};
			name = Debug;
		};
		02ACC5792D09E35F0013C428 /* Release */ = {
			isa = XCBuildConfiguration;
			buildSettings = {
				ASSETCATALOG_COMPILER_APPICON_NAME = AppIcon;
				ASSETCATALOG_COMPILER_GLOBAL_ACCENT_COLOR_NAME = AccentColor;
				CODE_SIGN_STYLE = Automatic;
				CURRENT_PROJECT_VERSION = 1;
				DEVELOPMENT_TEAM = 74768K7M65;
				GENERATE_INFOPLIST_FILE = YES;
				INFOPLIST_FILE = SampleApp/Info.plist;
				INFOPLIST_KEY_UIApplicationSupportsIndirectInputEvents = YES;
				INFOPLIST_KEY_UILaunchStoryboardName = LaunchScreen;
				INFOPLIST_KEY_UIMainStoryboardFile = Main;
				INFOPLIST_KEY_UISupportedInterfaceOrientations = "UIInterfaceOrientationLandscapeLeft UIInterfaceOrientationLandscapeRight";
				INFOPLIST_KEY_UISupportedInterfaceOrientations_iPad = "UIInterfaceOrientationLandscapeLeft UIInterfaceOrientationLandscapeRight UIInterfaceOrientationPortrait UIInterfaceOrientationPortraitUpsideDown";
				LD_RUNPATH_SEARCH_PATHS = (
					"$(inherited)",
					"@executable_path/Frameworks",
				);
				MARKETING_VERSION = 1.0;
				PRODUCT_BUNDLE_IDENTIFIER = jp.co.istyle.SampleApp;
				PRODUCT_NAME = "$(TARGET_NAME)";
				SWIFT_EMIT_LOC_STRINGS = YES;
				SWIFT_VERSION = 5.0;
				TARGETED_DEVICE_FAMILY = "1,2";
			};
			name = Release;
		};
		02ACC57B2D09E35F0013C428 /* Debug */ = {
			isa = XCBuildConfiguration;
			buildSettings = {
				BUNDLE_LOADER = "$(TEST_HOST)";
				CODE_SIGN_STYLE = Automatic;
				CURRENT_PROJECT_VERSION = 1;
				GENERATE_INFOPLIST_FILE = YES;
				IPHONEOS_DEPLOYMENT_TARGET = 17.5;
				MARKETING_VERSION = 1.0;
				PRODUCT_BUNDLE_IDENTIFIER = jp.co.istyle.SampleAppTests;
				PRODUCT_NAME = "$(TARGET_NAME)";
				SWIFT_EMIT_LOC_STRINGS = NO;
				SWIFT_VERSION = 5.0;
				TARGETED_DEVICE_FAMILY = "1,2";
				TEST_HOST = "$(BUILT_PRODUCTS_DIR)/SampleApp.app/$(BUNDLE_EXECUTABLE_FOLDER_PATH)/SampleApp";
			};
			name = Debug;
		};
		02ACC57C2D09E35F0013C428 /* Release */ = {
			isa = XCBuildConfiguration;
			buildSettings = {
				BUNDLE_LOADER = "$(TEST_HOST)";
				CODE_SIGN_STYLE = Automatic;
				CURRENT_PROJECT_VERSION = 1;
				GENERATE_INFOPLIST_FILE = YES;
				IPHONEOS_DEPLOYMENT_TARGET = 17.5;
				MARKETING_VERSION = 1.0;
				PRODUCT_BUNDLE_IDENTIFIER = jp.co.istyle.SampleAppTests;
				PRODUCT_NAME = "$(TARGET_NAME)";
				SWIFT_EMIT_LOC_STRINGS = NO;
				SWIFT_VERSION = 5.0;
				TARGETED_DEVICE_FAMILY = "1,2";
				TEST_HOST = "$(BUILT_PRODUCTS_DIR)/SampleApp.app/$(BUNDLE_EXECUTABLE_FOLDER_PATH)/SampleApp";
			};
			name = Release;
		};
		02ACC57E2D09E35F0013C428 /* Debug */ = {
			isa = XCBuildConfiguration;
			buildSettings = {
				CODE_SIGN_STYLE = Automatic;
				CURRENT_PROJECT_VERSION = 1;
				GENERATE_INFOPLIST_FILE = YES;
				MARKETING_VERSION = 1.0;
				PRODUCT_BUNDLE_IDENTIFIER = jp.co.istyle.SampleAppUITests;
				PRODUCT_NAME = "$(TARGET_NAME)";
				SWIFT_EMIT_LOC_STRINGS = NO;
				SWIFT_VERSION = 5.0;
				TARGETED_DEVICE_FAMILY = "1,2";
				TEST_TARGET_NAME = SampleApp;
			};
			name = Debug;
		};
		02ACC57F2D09E35F0013C428 /* Release */ = {
			isa = XCBuildConfiguration;
			buildSettings = {
				CODE_SIGN_STYLE = Automatic;
				CURRENT_PROJECT_VERSION = 1;
				GENERATE_INFOPLIST_FILE = YES;
				MARKETING_VERSION = 1.0;
				PRODUCT_BUNDLE_IDENTIFIER = jp.co.istyle.SampleAppUITests;
				PRODUCT_NAME = "$(TARGET_NAME)";
				SWIFT_EMIT_LOC_STRINGS = NO;
				SWIFT_VERSION = 5.0;
				TARGETED_DEVICE_FAMILY = "1,2";
				TEST_TARGET_NAME = SampleApp;
			};
			name = Release;
		};
/* End XCBuildConfiguration section */

/* Begin XCConfigurationList section */
		02ACC5482D09E35D0013C428 /* Build configuration list for PBXProject "SampleApp" */ = {
			isa = XCConfigurationList;
			buildConfigurations = (
				02ACC5752D09E35F0013C428 /* Debug */,
				02ACC5762D09E35F0013C428 /* Release */,
			);
			defaultConfigurationIsVisible = 0;
			defaultConfigurationName = Release;
		};
		02ACC5772D09E35F0013C428 /* Build configuration list for PBXNativeTarget "SampleApp" */ = {
			isa = XCConfigurationList;
			buildConfigurations = (
				02ACC5782D09E35F0013C428 /* Debug */,
				02ACC5792D09E35F0013C428 /* Release */,
			);
			defaultConfigurationIsVisible = 0;
			defaultConfigurationName = Release;
		};
		02ACC57A2D09E35F0013C428 /* Build configuration list for PBXNativeTarget "SampleAppTests" */ = {
			isa = XCConfigurationList;
			buildConfigurations = (
				02ACC57B2D09E35F0013C428 /* Debug */,
				02ACC57C2D09E35F0013C428 /* Release */,
			);
			defaultConfigurationIsVisible = 0;
			defaultConfigurationName = Release;
		};
		02ACC57D2D09E35F0013C428 /* Build configuration list for PBXNativeTarget "SampleAppUITests" */ = {
			isa = XCConfigurationList;
			buildConfigurations = (
				02ACC57E2D09E35F0013C428 /* Debug */,
				02ACC57F2D09E35F0013C428 /* Release */,
			);
			defaultConfigurationIsVisible = 0;
			defaultConfigurationName = Release;
		};
/* End XCConfigurationList section */
	};
	rootObject = 02ACC5452D09E35D0013C428 /* Project object */;
}
